git.sr.ht/~shulhan/asciidoctor-go v0.7.1 h1:xdxLRufyEZA6plVLjrYk5VDBHbbxRmV+1d8RpYbly3k=
git.sr.ht/~shulhan/asciidoctor-go v0.7.1/go.mod h1:vwv7RMfWN6YAF7j2exJ/K1/ncoYX/tD6FLPgFzjeWfE=
git.sr.ht/~shulhan/ciigo v0.15.2 h1:WCd2nGMLY3qa8T7zKWW0j+wvNc0xsME22MyW/ejXWTs=
git.sr.ht/~shulhan/ciigo v0.15.2/go.mod h1:qbr6Y2Z1+d4PVOhmbxvRbaENzoJtF7KeWzQjPzugK7Y=
git.sr.ht/~shulhan/pakakeh.go v0.60.1 h1:JGke3BIh40tK+d9eHg0jYi/W+GVixWcGwFkAcynSBSY=
git.sr.ht/~shulhan/pakakeh.go v0.60.1/go.mod h1:8t/pEqWDrEcyr26qR5sXJkF1M5tFhrs3Jzr5aYoZdIo=
github.com/yuin/goldmark v1.7.13 h1:GPddIs617DnBLFFVJFgpo1aBfe/4xcvMc3SB5t/D0pA=
github.com/yuin/goldmark v1.7.13/go.mod h1:ip/1k0VRfGynBgxOz0yCqHrbZXhcjxyuS66Brc7iBKg=
github.com/yuin/goldmark-meta v1.1.0 h1:pWw+JLHGZe8Rk0EGsMVssiNb/AaPMHfSRszZeUeiOUc=
github.com/yuin/goldmark-meta v1.1.0/go.mod h1:U4spWENafuA7Zyg+Lj5RqK/MF+ovMYtBvXi1lBb2VP0=
golang.org/x/exp v0.0.0-20251125195548-87e1e737ad39 h1:DHNhtq3sNNzrvduZZIiFyXWOL9IWaDPHqTnLJp+rCBY=
golang.org/x/exp v0.0.0-20251125195548-87e1e737ad39/go.mod h1:46edojNIoXTNOhySWIWdix628clX9ODXwPsQuG6hsK0=
golang.org/x/net v0.47.0 h1:Mx+4dIFzqraBXUugkia1OOvlD6LemFo1ALMHjrXDOhY=
golang.org/x/net v0.47.0/go.mod h1:/jNxtkgq5yWUGYkaZGqo27cfGZ1c5Nen03aYrrKpVRU=
golang.org/x/sys v0.38.0 h1:3yZWxaJjBmCWXqhN1qh02AkOnCQ1poK6oF+a7xWL6Gc=
golang.org/x/sys v0.38.0/go.mod h1:OgkHotnGiDImocRcuBABYBEXf8A9a87e/uXjp9XT3ks=
gopkg.in/check.v1 v0.0.0-20161208181325-20d25e280405 h1:yhCVgyC4o1eVCa2tZl7eS0r+SDo693bJlVdllGtEeKM=
gopkg.in/check.v1 v0.0.0-20161208181325-20d25e280405/go.mod h1:Co6ibVJAznAaIkqp8huTwlJQCZ016jof/cbN4VW5Yz0=
gopkg.in/yaml.v2 v2.4.0 h1:D8xgwECY7CYvx+Y2n4sBz93Jn9JRvxdiyyo8CTfuKaY=
gopkg.in/yaml.v2 v2.4.0/go.mod h1:RDklbk79AGWmwhnvt/jBztapEOGDOx6ZbXqjP6csGnQ=
