git.sr.ht/~shulhan/asciidoctor-go v0.6.0 h1:UepFox79vims2UqJGsQEoqLCrxhIHsk0YT2/H/fl+Oc=
git.sr.ht/~shulhan/asciidoctor-go v0.6.0/go.mod h1:kUikWOI/WkTyRZrGfKDqevCplz40yOlQRynxAdMneAg=
git.sr.ht/~shulhan/ciigo v0.14.0 h1:A1bKoKlOs0ZF8dUEH+m6N+c18Yhhv9fjrYD/Qt+X45s=
git.sr.ht/~shulhan/ciigo v0.14.0/go.mod h1:CuWoeaHXIf/w+YdN72M1IDiiGJF4r6qLB/A+ue2Xc8I=
git.sr.ht/~shulhan/pakakeh.go v0.58.0 h1:Rn2NM9Ums3cEZef4YynCgU9H+sLTcTWFFoesnDISUII=
git.sr.ht/~shulhan/pakakeh.go v0.58.0/go.mod h1:DIjIUtT2/knhAdrU/zu5rCQ1VJ5ExB8i3bbbZGGYUbA=
github.com/yuin/goldmark v1.7.8 h1:iERMLn0/QJeHFhxSt3p6PeN9mGnvIKSpG9YYorDMnic=
github.com/yuin/goldmark v1.7.8/go.mod h1:uzxRWxtg69N339t3louHJ7+O03ezfj6PlliRlaOzY1E=
github.com/yuin/goldmark-meta v1.1.0 h1:pWw+JLHGZe8Rk0EGsMVssiNb/AaPMHfSRszZeUeiOUc=
github.com/yuin/goldmark-meta v1.1.0/go.mod h1:U4spWENafuA7Zyg+Lj5RqK/MF+ovMYtBvXi1lBb2VP0=
golang.org/x/net v0.31.0 h1:68CPQngjLL0r2AlUKiSxtQFKvzRVbnzLwMUn5SzcLHo=
golang.org/x/net v0.31.0/go.mod h1:P4fl1q7dY2hnZFxEk4pPSkDHF+QqjitcnDjUQyMM+pM=
golang.org/x/sys v0.27.0 h1:wBqf8DvsY9Y/2P8gAfPDEYNuS30J4lPHJxXSb/nJZ+s=
golang.org/x/sys v0.27.0/go.mod h1:/VUhepiaJMQUp4+oa/7Zr1D23ma6VTLIYjOOTFZPUcA=
gopkg.in/check.v1 v0.0.0-20161208181325-20d25e280405 h1:yhCVgyC4o1eVCa2tZl7eS0r+SDo693bJlVdllGtEeKM=
gopkg.in/check.v1 v0.0.0-20161208181325-20d25e280405/go.mod h1:Co6ibVJAznAaIkqp8huTwlJQCZ016jof/cbN4VW5Yz0=
gopkg.in/yaml.v2 v2.4.0 h1:D8xgwECY7CYvx+Y2n4sBz93Jn9JRvxdiyyo8CTfuKaY=
gopkg.in/yaml.v2 v2.4.0/go.mod h1:RDklbk79AGWmwhnvt/jBztapEOGDOx6ZbXqjP6csGnQ=
