git.sr.ht/~shulhan/asciidoctor-go v0.4.0 h1:MvE0d3KvpFy7msogBSclPnq4c61QuOxkD/1vDDFTR0Q=
git.sr.ht/~shulhan/asciidoctor-go v0.4.0/go.mod h1:zBOpWZVZusDQ5UmfqwmuELkSLTXdhoPMOZiq5ISfH1Y=
git.sr.ht/~shulhan/ciigo v0.9.2 h1:BgQRSaBKRsgjPrfeErL+jQS3fBoRXvS+Pk62ehnnDak=
git.sr.ht/~shulhan/ciigo v0.9.2/go.mod h1:NaDMWKYxz6BkLiKqoLisH1tIIt74azA0sZs00vfh4yQ=
github.com/shuLhan/share v0.43.0 h1:WEaMg7WIX6YAvDphQjbPSZqz/ubuotRtD7Fq4zGO8Wc=
github.com/shuLhan/share v0.43.0/go.mod h1:nus6RSASS+5P1ZUe89ciJZyp3v+IY1xqLdKwtnuGsaA=
golang.org/x/net v0.6.0 h1:L4ZwwTvKW9gr0ZMS1yrHD9GZhIuVjOBBnaKH+SPQK0Q=
golang.org/x/net v0.6.0/go.mod h1:2Tu9+aMcznHK/AK1HMvgo6xiTLG5rD5rZLDS+rp2Bjs=
golang.org/x/sys v0.5.0 h1:MUK/U/4lj1t1oPg0HfuXDN/Z1wv31ZJ/YcPiGccS4DU=
golang.org/x/sys v0.5.0/go.mod h1:oPkhp1MJrh7nUepCBck5+mAzfO9JrbApNNgaTdGDITg=
